
Microsoft Visual Studio Solution File, Format Version 12.00
# Visual Studio Version 17
VisualStudioVersion = 17.3.32825.248
MinimumVisualStudioVersion = 10.0.40219.1
Project("{FAE04EC0-301F-11D3-BF4B-00C04F79EFBC}") = "UMLCreator", "UMLCreator\UMLCreator.csproj", "{7B322641-879F-45E6-9810-8F83F0AC298B}"
EndProject
Global
	GlobalSection(SolutionConfigurationPlatforms) = preSolution
		Debug|Any CPU = Debug|Any CPU
		Release|Any CPU = Release|Any CPU
	EndGlobalSection
	GlobalSection(ProjectConfigurationPlatforms) = postSolution
		{7B322641-879F-45E6-9810-8F83F0AC298B}.Debug|Any CPU.ActiveCfg = Debug|Any CPU
		{7B322641-879F-45E6-9810-8F83F0AC298B}.Debug|Any CPU.Build.0 = Debug|Any CPU
		{7B322641-879F-45E6-9810-8F83F0AC298B}.Release|Any CPU.ActiveCfg = Release|Any CPU
		{7B322641-879F-45E6-9810-8F83F0AC298B}.Release|Any CPU.Build.0 = Release|Any CPU
	EndGlobalSection
	GlobalSection(SolutionProperties) = preSolution
		HideSolutionNode = FALSE
	EndGlobalSection
	GlobalSection(ExtensibilityGlobals) = postSolution
		SolutionGuid = {196734F0-B76B-4D1F-A791-6451D9DE26C4}
	EndGlobalSection
EndGlobal
